
Microsoft Visual Studio Solution File, Format Version 12.00
# Visual Studio Version 16
VisualStudioVersion = 16.0.31624.102
MinimumVisualStudioVersion = 10.0.40219.1
Project("{9A19103F-16F7-4668-BE54-9A1E7A4F7556}") = "Scaner", "Scaner\Scaner.csproj", "{39928C29-CF98-4AA6-A8CE-03C9E7F367CE}"
EndProject
Global
	GlobalSection(SolutionConfigurationPlatforms) = preSolution
		Debug|Any CPU = Debug|Any CPU
		Release|Any CPU = Release|Any CPU
	EndGlobalSection
	GlobalSection(ProjectConfigurationPlatforms) = postSolution
		{39928C29-CF98-4AA6-A8CE-03C9E7F367CE}.Debug|Any CPU.ActiveCfg = Debug|Any CPU
		{39928C29-CF98-4AA6-A8CE-03C9E7F367CE}.Debug|Any CPU.Build.0 = Debug|Any CPU
		{39928C29-CF98-4AA6-A8CE-03C9E7F367CE}.Release|Any CPU.ActiveCfg = Release|Any CPU
		{39928C29-CF98-4AA6-A8CE-03C9E7F367CE}.Release|Any CPU.Build.0 = Release|Any CPU
	EndGlobalSection
	GlobalSection(SolutionProperties) = preSolution
		HideSolutionNode = FALSE
	EndGlobalSection
	GlobalSection(ExtensibilityGlobals) = postSolution
		SolutionGuid = {904F0064-EB5B-48C6-B84C-9DAA12177238}
	EndGlobalSection
EndGlobal
